
Microsoft Visual Studio Solution File, Format Version 12.00
# Visual Studio 15
VisualStudioVersion = 15.0.28307.902
MinimumVisualStudioVersion = 10.0.40219.1
Project("{FAE04EC0-301F-11D3-BF4B-00C04F79EFBC}") = "StudentsResult", "StudentsResult\StudentsResult.csproj", "{B2B88E4E-76EC-4425-855E-CF1FB916C70D}"
EndProject
Project("{FAE04EC0-301F-11D3-BF4B-00C04F79EFBC}") = "UnitTestStudentsResults", "UnitTestStudentsResults\UnitTestStudentsResults.csproj", "{DC98B3A5-E75A-40E0-9047-DEF9615FBDA0}"
EndProject
Project("{FAE04EC0-301F-11D3-BF4B-00C04F79EFBC}") = "Export", "Export\Export.csproj", "{B1A624E4-9A61-4BD1-838B-809A53A12728}"
EndProject
Project("{FAE04EC0-301F-11D3-BF4B-00C04F79EFBC}") = "Statistic", "Statistic\Statistic.csproj", "{C6FA3078-8A6F-4E06-A572-BF2DE8952D1A}"
EndProject
Global
	GlobalSection(SolutionConfigurationPlatforms) = preSolution
		Debug|Any CPU = Debug|Any CPU
		Release|Any CPU = Release|Any CPU
	EndGlobalSection
	GlobalSection(ProjectConfigurationPlatforms) = postSolution
		{B2B88E4E-76EC-4425-855E-CF1FB916C70D}.Debug|Any CPU.ActiveCfg = Debug|Any CPU
		{B2B88E4E-76EC-4425-855E-CF1FB916C70D}.Debug|Any CPU.Build.0 = Debug|Any CPU
		{B2B88E4E-76EC-4425-855E-CF1FB916C70D}.Release|Any CPU.ActiveCfg = Release|Any CPU
		{B2B88E4E-76EC-4425-855E-CF1FB916C70D}.Release|Any CPU.Build.0 = Release|Any CPU
		{DC98B3A5-E75A-40E0-9047-DEF9615FBDA0}.Debug|Any CPU.ActiveCfg = Debug|Any CPU
		{DC98B3A5-E75A-40E0-9047-DEF9615FBDA0}.Debug|Any CPU.Build.0 = Debug|Any CPU
		{DC98B3A5-E75A-40E0-9047-DEF9615FBDA0}.Release|Any CPU.ActiveCfg = Release|Any CPU
		{DC98B3A5-E75A-40E0-9047-DEF9615FBDA0}.Release|Any CPU.Build.0 = Release|Any CPU
		{B1A624E4-9A61-4BD1-838B-809A53A12728}.Debug|Any CPU.ActiveCfg = Debug|Any CPU
		{B1A624E4-9A61-4BD1-838B-809A53A12728}.Debug|Any CPU.Build.0 = Debug|Any CPU
		{B1A624E4-9A61-4BD1-838B-809A53A12728}.Release|Any CPU.ActiveCfg = Release|Any CPU
		{B1A624E4-9A61-4BD1-838B-809A53A12728}.Release|Any CPU.Build.0 = Release|Any CPU
		{C6FA3078-8A6F-4E06-A572-BF2DE8952D1A}.Debug|Any CPU.ActiveCfg = Debug|Any CPU
		{C6FA3078-8A6F-4E06-A572-BF2DE8952D1A}.Debug|Any CPU.Build.0 = Debug|Any CPU
		{C6FA3078-8A6F-4E06-A572-BF2DE8952D1A}.Release|Any CPU.ActiveCfg = Release|Any CPU
		{C6FA3078-8A6F-4E06-A572-BF2DE8952D1A}.Release|Any CPU.Build.0 = Release|Any CPU
	EndGlobalSection
	GlobalSection(SolutionProperties) = preSolution
		HideSolutionNode = FALSE
	EndGlobalSection
	GlobalSection(ExtensibilityGlobals) = postSolution
		SolutionGuid = {0904538F-9342-43D9-A5BA-3B23D188F4C4}
	EndGlobalSection
EndGlobal
